// !$*UTF8*$!
{
	archiveVersion = 1;
	classes = {
	};
	objectVersion = 56;
	objects = {

/* Begin PBXBuildFile section */
		92FC06FB2954F89C00D978E1 /* AppDelegate.swift in Sources */ = {isa = PBXBuildFile; fileRef = 92FC06FA2954F89C00D978E1 /* AppDelegate.swift */; };
		92FC06FD2954F89C00D978E1 /* SceneDelegate.swift in Sources */ = {isa = PBXBuildFile; fileRef = 92FC06FC2954F89C00D978E1 /* SceneDelegate.swift */; };
		92FC06FF2954F89C00D978E1 /* ConversationsViewController.swift in Sources */ = {isa = PBXBuildFile; fileRef = 92FC06FE2954F89C00D978E1 /* ConversationsViewController.swift */; };
		92FC07022954F89C00D978E1 /* Main.storyboard in Resources */ = {isa = PBXBuildFile; fileRef = 92FC07002954F89C00D978E1 /* Main.storyboard */; };
		92FC07042954F89C00D978E1 /* Assets.xcassets in Resources */ = {isa = PBXBuildFile; fileRef = 92FC07032954F89C00D978E1 /* Assets.xcassets */; };
		92FC07072954F89C00D978E1 /* LaunchScreen.storyboard in Resources */ = {isa = PBXBuildFile; fileRef = 92FC07052954F89C00D978E1 /* LaunchScreen.storyboard */; };
		92FC07152954FAED00D978E1 /* LoginViewController.swift in Sources */ = {isa = PBXBuildFile; fileRef = 92FC07142954FAED00D978E1 /* LoginViewController.swift */; };
		92FC07172954FAF800D978E1 /* RegisterViewController.swift in Sources */ = {isa = PBXBuildFile; fileRef = 92FC07162954FAF800D978E1 /* RegisterViewController.swift */; };
		92FC07192954FB0900D978E1 /* PhotosViewController.swift in Sources */ = {isa = PBXBuildFile; fileRef = 92FC07182954FB0900D978E1 /* PhotosViewController.swift */; };
		92FC071B2954FB1B00D978E1 /* VideoPlayerViewController.swift in Sources */ = {isa = PBXBuildFile; fileRef = 92FC071A2954FB1B00D978E1 /* VideoPlayerViewController.swift */; };
		92FC071D2954FB2400D978E1 /* ProfileViewController.swift in Sources */ = {isa = PBXBuildFile; fileRef = 92FC071C2954FB2400D978E1 /* ProfileViewController.swift */; };
		92FC071F2954FB3900D978E1 /* NewConversationsViewController.swift in Sources */ = {isa = PBXBuildFile; fileRef = 92FC071E2954FB3900D978E1 /* NewConversationsViewController.swift */; };
/* End PBXBuildFile section */

/* Begin PBXFileReference section */
		92FC06F72954F89C00D978E1 /* FireBaseApp.app */ = {isa = PBXFileReference; explicitFileType = wrapper.application; includeInIndex = 0; path = FireBaseApp.app; sourceTree = BUILT_PRODUCTS_DIR; };
		92FC06FA2954F89C00D978E1 /* AppDelegate.swift */ = {isa = PBXFileReference; lastKnownFileType = sourcecode.swift; path = AppDelegate.swift; sourceTree = "<group>"; };
		92FC06FC2954F89C00D978E1 /* SceneDelegate.swift */ = {isa = PBXFileReference; lastKnownFileType = sourcecode.swift; path = SceneDelegate.swift; sourceTree = "<group>"; };
		92FC06FE2954F89C00D978E1 /* ConversationsViewController.swift */ = {isa = PBXFileReference; lastKnownFileType = sourcecode.swift; path = ConversationsViewController.swift; sourceTree = "<group>"; };
		92FC07012954F89C00D978E1 /* Base */ = {isa = PBXFileReference; lastKnownFileType = file.storyboard; name = Base; path = Base.lproj/Main.storyboard; sourceTree = "<group>"; };
		92FC07032954F89C00D978E1 /* Assets.xcassets */ = {isa = PBXFileReference; lastKnownFileType = folder.assetcatalog; path = Assets.xcassets; sourceTree = "<group>"; };
		92FC07062954F89C00D978E1 /* Base */ = {isa = PBXFileReference; lastKnownFileType = file.storyboard; name = Base; path = Base.lproj/LaunchScreen.storyboard; sourceTree = "<group>"; };
		92FC07082954F89C00D978E1 /* Info.plist */ = {isa = PBXFileReference; lastKnownFileType = text.plist.xml; path = Info.plist; sourceTree = "<group>"; };
		92FC07142954FAED00D978E1 /* LoginViewController.swift */ = {isa = PBXFileReference; lastKnownFileType = sourcecode.swift; path = LoginViewController.swift; sourceTree = "<group>"; };
		92FC07162954FAF800D978E1 /* RegisterViewController.swift */ = {isa = PBXFileReference; lastKnownFileType = sourcecode.swift; path = RegisterViewController.swift; sourceTree = "<group>"; };
		92FC07182954FB0900D978E1 /* PhotosViewController.swift */ = {isa = PBXFileReference; lastKnownFileType = sourcecode.swift; path = PhotosViewController.swift; sourceTree = "<group>"; };
		92FC071A2954FB1B00D978E1 /* VideoPlayerViewController.swift */ = {isa = PBXFileReference; lastKnownFileType = sourcecode.swift; path = VideoPlayerViewController.swift; sourceTree = "<group>"; };
		92FC071C2954FB2400D978E1 /* ProfileViewController.swift */ = {isa = PBXFileReference; lastKnownFileType = sourcecode.swift; path = ProfileViewController.swift; sourceTree = "<group>"; };
		92FC071E2954FB3900D978E1 /* NewConversationsViewController.swift */ = {isa = PBXFileReference; lastKnownFileType = sourcecode.swift; path = NewConversationsViewController.swift; sourceTree = "<group>"; };
/* End PBXFileReference section */

/* Begin PBXFrameworksBuildPhase section */
		92FC06F42954F89C00D978E1 /* Frameworks */ = {
			isa = PBXFrameworksBuildPhase;
			buildActionMask = 2147483647;
			files = (
			);
			runOnlyForDeploymentPostprocessing = 0;
		};
/* End PBXFrameworksBuildPhase section */

/* Begin PBXGroup section */
		92FC06EE2954F89C00D978E1 = {
			isa = PBXGroup;
			children = (
				92FC06F92954F89C00D978E1 /* FireBaseApp */,
				92FC06F82954F89C00D978E1 /* Products */,
			);
			sourceTree = "<group>";
		};
		92FC06F82954F89C00D978E1 /* Products */ = {
			isa = PBXGroup;
			children = (
				92FC06F72954F89C00D978E1 /* FireBaseApp.app */,
			);
			name = Products;
			sourceTree = "<group>";
		};
		92FC06F92954F89C00D978E1 /* FireBaseApp */ = {
			isa = PBXGroup;
			children = (
				92FC070E2954F94E00D978E1 /* Views */,
				92FC07102954F95C00D978E1 /* Controllers */,
				92FC07132954F97900D978E1 /* Resources */,
				92FC07122954F96D00D978E1 /* ViewModels */,
				92FC07112954F96300D978E1 /* Models */,
				92FC07082954F89C00D978E1 /* Info.plist */,
			);
			path = FireBaseApp;
			sourceTree = "<group>";
		};
		92FC070E2954F94E00D978E1 /* Views */ = {
			isa = PBXGroup;
			children = (
				92FC070F2954F95400D978E1 /* StoryBoards */,
				92FC07032954F89C00D978E1 /* Assets.xcassets */,
			);
			path = Views;
			sourceTree = "<group>";
		};
		92FC070F2954F95400D978E1 /* StoryBoards */ = {
			isa = PBXGroup;
			children = (
				92FC07002954F89C00D978E1 /* Main.storyboard */,
				92FC07052954F89C00D978E1 /* LaunchScreen.storyboard */,
			);
			path = StoryBoards;
			sourceTree = "<group>";
		};
		92FC07102954F95C00D978E1 /* Controllers */ = {
			isa = PBXGroup;
			children = (
				92FC06FE2954F89C00D978E1 /* ConversationsViewController.swift */,
				92FC07142954FAED00D978E1 /* LoginViewController.swift */,
				92FC07162954FAF800D978E1 /* RegisterViewController.swift */,
				92FC07182954FB0900D978E1 /* PhotosViewController.swift */,
				92FC071A2954FB1B00D978E1 /* VideoPlayerViewController.swift */,
				92FC071C2954FB2400D978E1 /* ProfileViewController.swift */,
				92FC071E2954FB3900D978E1 /* NewConversationsViewController.swift */,
			);
			path = Controllers;
			sourceTree = "<group>";
		};
		92FC07112954F96300D978E1 /* Models */ = {
			isa = PBXGroup;
			children = (
			);
			path = Models;
			sourceTree = "<group>";
		};
		92FC07122954F96D00D978E1 /* ViewModels */ = {
			isa = PBXGroup;
			children = (
			);
			path = ViewModels;
			sourceTree = "<group>";
		};
		92FC07132954F97900D978E1 /* Resources */ = {
			isa = PBXGroup;
			children = (
				92FC06FC2954F89C00D978E1 /* SceneDelegate.swift */,
				92FC06FA2954F89C00D978E1 /* AppDelegate.swift */,
			);
			path = Resources;
			sourceTree = "<group>";
		};
/* End PBXGroup section */

/* Begin PBXNativeTarget section */
		92FC06F62954F89C00D978E1 /* FireBaseApp */ = {
			isa = PBXNativeTarget;
			buildConfigurationList = 92FC070B2954F89C00D978E1 /* Build configuration list for PBXNativeTarget "FireBaseApp" */;
			buildPhases = (
				92FC06F32954F89C00D978E1 /* Sources */,
				92FC06F42954F89C00D978E1 /* Frameworks */,
				92FC06F52954F89C00D978E1 /* Resources */,
			);
			buildRules = (
			);
			dependencies = (
			);
			name = FireBaseApp;
			productName = FireBaseApp;
			productReference = 92FC06F72954F89C00D978E1 /* FireBaseApp.app */;
			productType = "com.apple.product-type.application";
		};
/* End PBXNativeTarget section */

/* Begin PBXProject section */
		92FC06EF2954F89C00D978E1 /* Project object */ = {
			isa = PBXProject;
			attributes = {
				BuildIndependentTargetsInParallel = 1;
				LastSwiftUpdateCheck = 1400;
				LastUpgradeCheck = 1400;
				TargetAttributes = {
					92FC06F62954F89C00D978E1 = {
						CreatedOnToolsVersion = 14.0.1;
					};
				};
			};
			buildConfigurationList = 92FC06F22954F89C00D978E1 /* Build configuration list for PBXProject "FireBaseApp" */;
			compatibilityVersion = "Xcode 14.0";
			developmentRegion = en;
			hasScannedForEncodings = 0;
			knownRegions = (
				en,
				Base,
			);
			mainGroup = 92FC06EE2954F89C00D978E1;
			productRefGroup = 92FC06F82954F89C00D978E1 /* Products */;
			projectDirPath = "";
			projectRoot = "";
			targets = (
				92FC06F62954F89C00D978E1 /* FireBaseApp */,
			);
		};
/* End PBXProject section */

/* Begin PBXResourcesBuildPhase section */
		92FC06F52954F89C00D978E1 /* Resources */ = {
			isa = PBXResourcesBuildPhase;
			buildActionMask = 2147483647;
			files = (
				92FC07072954F89C00D978E1 /* LaunchScreen.storyboard in Resources */,
				92FC07042954F89C00D978E1 /* Assets.xcassets in Resources */,
				92FC07022954F89C00D978E1 /* Main.storyboard in Resources */,
			);
			runOnlyForDeploymentPostprocessing = 0;
		};
/* End PBXResourcesBuildPhase section */

/* Begin PBXSourcesBuildPhase section */
		92FC06F32954F89C00D978E1 /* Sources */ = {
			isa = PBXSourcesBuildPhase;
			buildActionMask = 2147483647;
			files = (
				92FC071F2954FB3900D978E1 /* NewConversationsViewController.swift in Sources */,
				92FC07152954FAED00D978E1 /* LoginViewController.swift in Sources */,
				92FC07172954FAF800D978E1 /* RegisterViewController.swift in Sources */,
				92FC06FF2954F89C00D978E1 /* ConversationsViewController.swift in Sources */,
				92FC071B2954FB1B00D978E1 /* VideoPlayerViewController.swift in Sources */,
				92FC07192954FB0900D978E1 /* PhotosViewController.swift in Sources */,
				92FC06FB2954F89C00D978E1 /* AppDelegate.swift in Sources */,
				92FC071D2954FB2400D978E1 /* ProfileViewController.swift in Sources */,
				92FC06FD2954F89C00D978E1 /* SceneDelegate.swift in Sources */,
			);
			runOnlyForDeploymentPostprocessing = 0;
		};
/* End PBXSourcesBuildPhase section */

/* Begin PBXVariantGroup section */
		92FC07002954F89C00D978E1 /* Main.storyboard */ = {
			isa = PBXVariantGroup;
			children = (
				92FC07012954F89C00D978E1 /* Base */,
			);
			name = Main.storyboard;
			sourceTree = "<group>";
		};
		92FC07052954F89C00D978E1 /* LaunchScreen.storyboard */ = {
			isa = PBXVariantGroup;
			children = (
				92FC07062954F89C00D978E1 /* Base */,
			);
			name = LaunchScreen.storyboard;
			sourceTree = "<group>";
		};
/* End PBXVariantGroup section */

/* Begin XCBuildConfiguration section */
		92FC07092954F89C00D978E1 /* Debug */ = {
			isa = XCBuildConfiguration;
			buildSettings = {
				ALWAYS_SEARCH_USER_PATHS = NO;
				CLANG_ANALYZER_NONNULL = YES;
				CLANG_ANALYZER_NUMBER_OBJECT_CONVERSION = YES_AGGRESSIVE;
				CLANG_CXX_LANGUAGE_STANDARD = "gnu++20";
				CLANG_ENABLE_MODULES = YES;
				CLANG_ENABLE_OBJC_ARC = YES;
				CLANG_ENABLE_OBJC_WEAK = YES;
				CLANG_WARN_BLOCK_CAPTURE_AUTORELEASING = YES;
				CLANG_WARN_BOOL_CONVERSION = YES;
				CLANG_WARN_COMMA = YES;
				CLANG_WARN_CONSTANT_CONVERSION = YES;
				CLANG_WARN_DEPRECATED_OBJC_IMPLEMENTATIONS = YES;
				CLANG_WARN_DIRECT_OBJC_ISA_USAGE = YES_ERROR;
				CLANG_WARN_DOCUMENTATION_COMMENTS = YES;
				CLANG_WARN_EMPTY_BODY = YES;
				CLANG_WARN_ENUM_CONVERSION = YES;
				CLANG_WARN_INFINITE_RECURSION = YES;
				CLANG_WARN_INT_CONVERSION = YES;
				CLANG_WARN_NON_LITERAL_NULL_CONVERSION = YES;
				CLANG_WARN_OBJC_IMPLICIT_RETAIN_SELF = YES;
				CLANG_WARN_OBJC_LITERAL_CONVERSION = YES;
				CLANG_WARN_OBJC_ROOT_CLASS = YES_ERROR;
				CLANG_WARN_QUOTED_INCLUDE_IN_FRAMEWORK_HEADER = YES;
				CLANG_WARN_RANGE_LOOP_ANALYSIS = YES;
				CLANG_WARN_STRICT_PROTOTYPES = YES;
				CLANG_WARN_SUSPICIOUS_MOVE = YES;
				CLANG_WARN_UNGUARDED_AVAILABILITY = YES_AGGRESSIVE;
				CLANG_WARN_UNREACHABLE_CODE = YES;
				CLANG_WARN__DUPLICATE_METHOD_MATCH = YES;
				COPY_PHASE_STRIP = NO;
				DEBUG_INFORMATION_FORMAT = dwarf;
				ENABLE_STRICT_OBJC_MSGSEND = YES;
				ENABLE_TESTABILITY = YES;
				GCC_C_LANGUAGE_STANDARD = gnu11;
				GCC_DYNAMIC_NO_PIC = NO;
				GCC_NO_COMMON_BLOCKS = YES;
				GCC_OPTIMIZATION_LEVEL = 0;
				GCC_PREPROCESSOR_DEFINITIONS = (
					"DEBUG=1",
					"$(inherited)",
				);
				GCC_WARN_64_TO_32_BIT_CONVERSION = YES;
				GCC_WARN_ABOUT_RETURN_TYPE = YES_ERROR;
				GCC_WARN_UNDECLARED_SELECTOR = YES;
				GCC_WARN_UNINITIALIZED_AUTOS = YES_AGGRESSIVE;
				GCC_WARN_UNUSED_FUNCTION = YES;
				GCC_WARN_UNUSED_VARIABLE = YES;
				IPHONEOS_DEPLOYMENT_TARGET = 13.0;
				MTL_ENABLE_DEBUG_INFO = INCLUDE_SOURCE;
				MTL_FAST_MATH = YES;
				ONLY_ACTIVE_ARCH = YES;
				SDKROOT = iphoneos;
				SWIFT_ACTIVE_COMPILATION_CONDITIONS = DEBUG;
				SWIFT_OPTIMIZATION_LEVEL = "-Onone";
			};
			name = Debug;
		};
		92FC070A2954F89C00D978E1 /* Release */ = {
			isa = XCBuildConfiguration;
			buildSettings = {
				ALWAYS_SEARCH_USER_PATHS = NO;
				CLANG_ANALYZER_NONNULL = YES;
				CLANG_ANALYZER_NUMBER_OBJECT_CONVERSION = YES_AGGRESSIVE;
				CLANG_CXX_LANGUAGE_STANDARD = "gnu++20";
				CLANG_ENABLE_MODULES = YES;
				CLANG_ENABLE_OBJC_ARC = YES;
				CLANG_ENABLE_OBJC_WEAK = YES;
				CLANG_WARN_BLOCK_CAPTURE_AUTORELEASING = YES;
				CLANG_WARN_BOOL_CONVERSION = YES;
				CLANG_WARN_COMMA = YES;
				CLANG_WARN_CONSTANT_CONVERSION = YES;
				CLANG_WARN_DEPRECATED_OBJC_IMPLEMENTATIONS = YES;
				CLANG_WARN_DIRECT_OBJC_ISA_USAGE = YES_ERROR;
				CLANG_WARN_DOCUMENTATION_COMMENTS = YES;
				CLANG_WARN_EMPTY_BODY = YES;
				CLANG_WARN_ENUM_CONVERSION = YES;
				CLANG_WARN_INFINITE_RECURSION = YES;
				CLANG_WARN_INT_CONVERSION = YES;
				CLANG_WARN_NON_LITERAL_NULL_CONVERSION = YES;
				CLANG_WARN_OBJC_IMPLICIT_RETAIN_SELF = YES;
				CLANG_WARN_OBJC_LITERAL_CONVERSION = YES;
				CLANG_WARN_OBJC_ROOT_CLASS = YES_ERROR;
				CLANG_WARN_QUOTED_INCLUDE_IN_FRAMEWORK_HEADER = YES;
				CLANG_WARN_RANGE_LOOP_ANALYSIS = YES;
				CLANG_WARN_STRICT_PROTOTYPES = YES;
				CLANG_WARN_SUSPICIOUS_MOVE = YES;
				CLANG_WARN_UNGUARDED_AVAILABILITY = YES_AGGRESSIVE;
				CLANG_WARN_UNREACHABLE_CODE = YES;
				CLANG_WARN__DUPLICATE_METHOD_MATCH = YES;
				COPY_PHASE_STRIP = NO;
				DEBUG_INFORMATION_FORMAT = "dwarf-with-dsym";
				ENABLE_NS_ASSERTIONS = NO;
				ENABLE_STRICT_OBJC_MSGSEND = YES;
				GCC_C_LANGUAGE_STANDARD = gnu11;
				GCC_NO_COMMON_BLOCKS = YES;
				GCC_WARN_64_TO_32_BIT_CONVERSION = YES;
				GCC_WARN_ABOUT_RETURN_TYPE = YES_ERROR;
				GCC_WARN_UNDECLARED_SELECTOR = YES;
				GCC_WARN_UNINITIALIZED_AUTOS = YES_AGGRESSIVE;
				GCC_WARN_UNUSED_FUNCTION = YES;
				GCC_WARN_UNUSED_VARIABLE = YES;
				IPHONEOS_DEPLOYMENT_TARGET = 13.0;
				MTL_ENABLE_DEBUG_INFO = NO;
				MTL_FAST_MATH = YES;
				SDKROOT = iphoneos;
				SWIFT_COMPILATION_MODE = wholemodule;
				SWIFT_OPTIMIZATION_LEVEL = "-O";
				VALIDATE_PRODUCT = YES;
			};
			name = Release;
		};
		92FC070C2954F89C00D978E1 /* Debug */ = {
			isa = XCBuildConfiguration;
			buildSettings = {
				ASSETCATALOG_COMPILER_APPICON_NAME = AppIcon;
				ASSETCATALOG_COMPILER_GLOBAL_ACCENT_COLOR_NAME = AccentColor;
				CODE_SIGN_STYLE = Automatic;
				CURRENT_PROJECT_VERSION = 1;
				DEVELOPMENT_TEAM = 8D9UT3KT36;
				GENERATE_INFOPLIST_FILE = YES;
				INFOPLIST_FILE = FireBaseApp/Info.plist;
				INFOPLIST_KEY_UIApplicationSupportsIndirectInputEvents = YES;
				INFOPLIST_KEY_UILaunchStoryboardName = LaunchScreen;
				INFOPLIST_KEY_UIMainStoryboardFile = Main;
				INFOPLIST_KEY_UISupportedInterfaceOrientations = UIInterfaceOrientationPortrait;
				LD_RUNPATH_SEARCH_PATHS = (
					"$(inherited)",
					"@executable_path/Frameworks",
				);
				MARKETING_VERSION = 1.0;
				PRODUCT_BUNDLE_IDENTIFIER = com.app.FireBaseApp;
				PRODUCT_NAME = "$(TARGET_NAME)";
				SWIFT_EMIT_LOC_STRINGS = YES;
				SWIFT_VERSION = 5.0;
				TARGETED_DEVICE_FAMILY = "1,2";
			};
			name = Debug;
		};
		92FC070D2954F89C00D978E1 /* Release */ = {
			isa = XCBuildConfiguration;
			buildSettings = {
				ASSETCATALOG_COMPILER_APPICON_NAME = AppIcon;
				ASSETCATALOG_COMPILER_GLOBAL_ACCENT_COLOR_NAME = AccentColor;
				CODE_SIGN_STYLE = Automatic;
				CURRENT_PROJECT_VERSION = 1;
				DEVELOPMENT_TEAM = 8D9UT3KT36;
				GENERATE_INFOPLIST_FILE = YES;
				INFOPLIST_FILE = FireBaseApp/Info.plist;
				INFOPLIST_KEY_UIApplicationSupportsIndirectInputEvents = YES;
				INFOPLIST_KEY_UILaunchStoryboardName = LaunchScreen;
				INFOPLIST_KEY_UIMainStoryboardFile = Main;
				INFOPLIST_KEY_UISupportedInterfaceOrientations = UIInterfaceOrientationPortrait;
				LD_RUNPATH_SEARCH_PATHS = (
					"$(inherited)",
					"@executable_path/Frameworks",
				);
				MARKETING_VERSION = 1.0;
				PRODUCT_BUNDLE_IDENTIFIER = com.app.FireBaseApp;
				PRODUCT_NAME = "$(TARGET_NAME)";
				SWIFT_EMIT_LOC_STRINGS = YES;
				SWIFT_VERSION = 5.0;
				TARGETED_DEVICE_FAMILY = "1,2";
			};
			name = Release;
		};
/* End XCBuildConfiguration section */

/* Begin XCConfigurationList section */
		92FC06F22954F89C00D978E1 /* Build configuration list for PBXProject "FireBaseApp" */ = {
			isa = XCConfigurationList;
			buildConfigurations = (
				92FC07092954F89C00D978E1 /* Debug */,
				92FC070A2954F89C00D978E1 /* Release */,
			);
			defaultConfigurationIsVisible = 0;
			defaultConfigurationName = Release;
		};
		92FC070B2954F89C00D978E1 /* Build configuration list for PBXNativeTarget "FireBaseApp" */ = {
			isa = XCConfigurationList;
			buildConfigurations = (
				92FC070C2954F89C00D978E1 /* Debug */,
				92FC070D2954F89C00D978E1 /* Release */,
			);
			defaultConfigurationIsVisible = 0;
			defaultConfigurationName = Release;
		};
/* End XCConfigurationList section */
	};
	rootObject = 92FC06EF2954F89C00D978E1 /* Project object */;
}
